
Microsoft Visual Studio Solution File, Format Version 12.00
Project("{FAE04EC0-301F-11D3-BF4B-00C04F79EFBC}") = "Roses.App", "Roses.App\Roses.App.csproj", "{2146E22A-A825-4814-A3EB-360A72076522}"
EndProject
Project("{FAE04EC0-301F-11D3-BF4B-00C04F79EFBC}") = "Roses.App.Tests", "Roses.App.Tests\Roses.App.Tests.csproj", "{B369EB20-856B-4F64-BF9E-D014669025CC}"
EndProject
Global
	GlobalSection(SolutionConfigurationPlatforms) = preSolution
		Debug|Any CPU = Debug|Any CPU
		Release|Any CPU = Release|Any CPU
	EndGlobalSection
	GlobalSection(ProjectConfigurationPlatforms) = postSolution
		{2146E22A-A825-4814-A3EB-360A72076522}.Debug|Any CPU.ActiveCfg = Debug|Any CPU
		{2146E22A-A825-4814-A3EB-360A72076522}.Debug|Any CPU.Build.0 = Debug|Any CPU
		{2146E22A-A825-4814-A3EB-360A72076522}.Release|Any CPU.ActiveCfg = Release|Any CPU
		{2146E22A-A825-4814-A3EB-360A72076522}.Release|Any CPU.Build.0 = Release|Any CPU
		{B369EB20-856B-4F64-BF9E-D014669025CC}.Debug|Any CPU.ActiveCfg = Debug|Any CPU
		{B369EB20-856B-4F64-BF9E-D014669025CC}.Debug|Any CPU.Build.0 = Debug|Any CPU
		{B369EB20-856B-4F64-BF9E-D014669025CC}.Release|Any CPU.ActiveCfg = Release|Any CPU
		{B369EB20-856B-4F64-BF9E-D014669025CC}.Release|Any CPU.Build.0 = Release|Any CPU
	EndGlobalSection
EndGlobal
